
Microsoft Visual Studio Solution File, Format Version 12.00
# Visual Studio Version 17
VisualStudioVersion = 17.13.35806.99 d17.13
MinimumVisualStudioVersion = 10.0.40219.1
Project("{FAE04EC0-301F-11D3-BF4B-00C04F79EFBC}") = "MsiziGumede2StudyGroup", "MsiziGumede2StudyGroup.csproj", "{8F971278-61AE-45AE-9A54-7F9347A89280}"
EndProject
Global
	GlobalSection(SolutionConfigurationPlatforms) = preSolution
		Debug|Any CPU = Debug|Any CPU
		Release|Any CPU = Release|Any CPU
	EndGlobalSection
	GlobalSection(ProjectConfigurationPlatforms) = postSolution
		{8F971278-61AE-45AE-9A54-7F9347A89280}.Debug|Any CPU.ActiveCfg = Debug|Any CPU
		{8F971278-61AE-45AE-9A54-7F9347A89280}.Debug|Any CPU.Build.0 = Debug|Any CPU
		{8F971278-61AE-45AE-9A54-7F9347A89280}.Release|Any CPU.ActiveCfg = Release|Any CPU
		{8F971278-61AE-45AE-9A54-7F9347A89280}.Release|Any CPU.Build.0 = Release|Any CPU
	EndGlobalSection
	GlobalSection(SolutionProperties) = preSolution
		HideSolutionNode = FALSE
	EndGlobalSection
	GlobalSection(ExtensibilityGlobals) = postSolution
		SolutionGuid = {CB21923A-5EAA-4389-96A8-12CC24423E23}
	EndGlobalSection
EndGlobal
